<?xml version="1.0" encoding="utf-8"?>
<Project ToolsVersion="4.0" xmlns="http://schemas.microsoft.com/developer/msbuild/2003">
  <ItemGroup>
    <Filter Include="Source Files">
      <UniqueIdentifier>{4FC737F1-C7A5-4376-A066-2A32D752A2FF}</UniqueIdentifier>
      <Extensions>cpp;c;cc;cxx;def;odl;idl;hpj;bat;asm;asmx</Extensions>
    </Filter>
    <Filter Include="Header Files">
      <UniqueIdentifier>{93995380-89BD-4b04-88EB-625FBE52EBFB}</UniqueIdentifier>
      <Extensions>h;hh;hpp;hxx;hm;inl;inc;ipp;xsd</Extensions>
    </Filter>
  </ItemGroup>
  <ItemGroup>
    <ClCompile Include="src\test\main.cpp">
      <Filter>Source Files</Filter>
    </ClCompile>
    <ClCompile Include="src\engine\math\mat4.cpp">
      <Filter>Source Files</Filter>
    </ClCompile>
    <ClCompile Include="src\engine\math\vec2.cpp">
      <Filter>Source Files</Filter>
    </ClCompile>
    <ClCompile Include="src\engine\math\vec3.cpp">
      <Filter>Source Files</Filter>
    </ClCompile>
    <ClCompile Include="src\engine\math\vec4.cpp">
      <Filter>Source Files</Filter>
    </ClCompile>
    <ClCompile Include="src\engine\entities\Camera.cpp">
      <Filter>Source Files</Filter>
    </ClCompile>
    <ClCompile Include="src\engine\meshes\Mesh.cpp">
      <Filter>Source Files</Filter>
    </ClCompile>
    <ClCompile Include="src\engine\math\MathTools.cpp">
      <Filter>Source Files</Filter>
    </ClCompile>
    <ClCompile Include="src\engine\meshes\Face.cpp">
      <Filter>Source Files</Filter>
    </ClCompile>
    <ClCompile Include="src\engine\Display.cpp">
      <Filter>Source Files</Filter>
    </ClCompile>
    <ClCompile Include="src\engine\meshes\Vertex.cpp">
      <Filter>Source Files</Filter>
    </ClCompile>
    <ClCompile Include="src\engine\entities\LightSource.cpp">
      <Filter>Source Files</Filter>
    </ClCompile>
    <ClCompile Include="src\engine\entities\Terrain.cpp">
      <Filter>Source Files</Filter>
    </ClCompile>
    <ClCompile Include="src\engine\tools\ResLoader.cpp">
      <Filter>Source Files</Filter>
    </ClCompile>
    <ClCompile Include="src\engine\meshes\Texture.cpp">
      <Filter>Source Files</Filter>
    </ClCompile>
  </ItemGroup>
  <ItemGroup>
    <ClInclude Include="src\engine\math\engineMath.h">
      <Filter>Header Files</Filter>
    </ClInclude>
    <ClInclude Include="src\engine\math\mat4.h">
      <Filter>Header Files</Filter>
    </ClInclude>
    <ClInclude Include="src\engine\math\vec2.h">
      <Filter>Header Files</Filter>
    </ClInclude>
    <ClInclude Include="src\engine\math\vec3.h">
      <Filter>Header Files</Filter>
    </ClInclude>
    <ClInclude Include="src\engine\math\vec4.h">
      <Filter>Header Files</Filter>
    </ClInclude>
    <ClInclude Include="src\engine\entities\Camera.h">
      <Filter>Header Files</Filter>
    </ClInclude>
    <ClInclude Include="src\engine\meshes\Mesh.h">
      <Filter>Header Files</Filter>
    </ClInclude>
    <ClInclude Include="src\engine\math\MathTools.h">
      <Filter>Header Files</Filter>
    </ClInclude>
    <ClInclude Include="src\engine\meshes\Face.h">
      <Filter>Header Files</Filter>
    </ClInclude>
    <ClInclude Include="src\engine\Display.h">
      <Filter>Header Files</Filter>
    </ClInclude>
    <ClInclude Include="src\engine\meshes\Vertex.h">
      <Filter>Header Files</Filter>
    </ClInclude>
    <ClInclude Include="src\engine\entities\LightSource.h">
      <Filter>Header Files</Filter>
    </ClInclude>
    <ClInclude Include="src\engine\entities\Terrain.h">
      <Filter>Header Files</Filter>
    </ClInclude>
    <ClInclude Include="src\engine\tools\ResLoader.h">
      <Filter>Header Files</Filter>
    </ClInclude>
    <ClInclude Include="src\engine\meshes\Texture.h">
      <Filter>Header Files</Filter>
    </ClInclude>
  </ItemGroup>
  <ItemGroup>
    <Image Include="res\hello_world.bmp" />
    <Image Include="res\monkey.jpg" />
    <Image Include="res\monkey.bmp" />
    <Image Include="res\stall.bmp" />
    <Image Include="res\purple.bmp" />
    <Image Include="res\grass.bmp" />
    <Image Include="res\grass.png" />
    <Image Include="res\spyro level.png" />
    <Image Include="res\spyro level.bmp" />
  </ItemGroup>
  <ItemGroup>
    <None Include="SDL2.dll" />
    <None Include="res\PlayStation - Spyro the Dragon - Dark Hollow.zip" />
  </ItemGroup>
  <ItemGroup>
    <Text Include="res\dragon.obj" />
    <Text Include="res\box.obj" />
    <Text Include="res\bunny.obj" />
    <Text Include="res\exampleOBJ.obj" />
    <Text Include="res\fern.obj" />
    <Text Include="res\grass.obj" />
    <Text Include="res\grassModel.obj" />
    <Text Include="res\lowPolyTree.obj" />
    <Text Include="res\person.obj" />
    <Text Include="res\pine.obj" />
    <Text Include="res\stall.obj" />
    <Text Include="res\tree.obj" />
    <Text Include="res\stanfordBunny.obj" />
    <Text Include="res\RubixCube.obj" />
    <Text Include="res\teapot.obj" />
    <Text Include="res\utahteapot.obj" />
    <Text Include="res\monkey.obj" />
    <Text Include="res\suzanne.obj" />
  </ItemGroup>
  <ItemGroup>
    <Object Include="res\spyro level.obj" />
    <Object Include="res\spyro level2.obj" />
  </ItemGroup>
</Project>